
Microsoft Visual Studio Solution File, Format Version 12.00
Project("{FAE04EC0-301F-11D3-BF4B-00C04F79EFBC}") = "BruteForceTest", "BruteForceTest\BruteForceTest.csproj", "{FBBD8076-A55E-495C-8694-50F5B895382F}"
EndProject
Global
	GlobalSection(SolutionConfigurationPlatforms) = preSolution
		Debug|Any CPU = Debug|Any CPU
		Release|Any CPU = Release|Any CPU
	EndGlobalSection
	GlobalSection(ProjectConfigurationPlatforms) = postSolution
		{FBBD8076-A55E-495C-8694-50F5B895382F}.Debug|Any CPU.ActiveCfg = Debug|Any CPU
		{FBBD8076-A55E-495C-8694-50F5B895382F}.Debug|Any CPU.Build.0 = Debug|Any CPU
		{FBBD8076-A55E-495C-8694-50F5B895382F}.Release|Any CPU.ActiveCfg = Release|Any CPU
		{FBBD8076-A55E-495C-8694-50F5B895382F}.Release|Any CPU.Build.0 = Release|Any CPU
	EndGlobalSection
EndGlobal
